<?xml version="1.0" encoding="utf-8"?>
<Project ToolsVersion="4.0" xmlns="http://schemas.microsoft.com/developer/msbuild/2003">
  <ItemGroup>
    <Filter Include="Source Files">
      <UniqueIdentifier>{4FC737F1-C7A5-4376-A066-2A32D752A2FF}</UniqueIdentifier>
      <Extensions>cpp;c;cc;cxx;c++;cppm;ixx;def;odl;idl;hpj;bat;asm;asmx</Extensions>
    </Filter>
    <Filter Include="Header Files">
      <UniqueIdentifier>{93995380-89BD-4b04-88EB-625FBE52EBFB}</UniqueIdentifier>
      <Extensions>h;hh;hpp;hxx;h++;hm;inl;inc;ipp;xsd</Extensions>
    </Filter>
    <Filter Include="Resource Files">
      <UniqueIdentifier>{67DA6AB6-F800-4c08-8B7A-83BB121AAD01}</UniqueIdentifier>
      <Extensions>rc;ico;cur;bmp;dlg;rc2;rct;bin;rgs;gif;jpg;jpeg;jpe;resx;tiff;tif;png;wav;mfcribbon-ms</Extensions>
    </Filter>
  </ItemGroup>
  <ItemGroup>
    <ClCompile Include="main.cpp">
      <Filter>Source Files</Filter>
    </ClCompile>
    <ClCompile Include="JaguarEngine\JaguarEngine.cpp">
      <Filter>Source Files</Filter>
    </ClCompile>
    <ClCompile Include="JaguarEngine\Libraries\Include\glad\glad.c">
      <Filter>Source Files</Filter>
    </ClCompile>
    <ClCompile Include="JaguarEngine\JSON_IO\JSON_Declarations.cpp">
      <Filter>Source Files</Filter>
    </ClCompile>
    <ClCompile Include="JaguarEngine\GLTF_Reader\GLTF_Declarations.cpp">
      <Filter>Source Files</Filter>
    </ClCompile>
    <ClCompile Include="JaguarEngine\Asset_Cache.cpp">
      <Filter>Source Files</Filter>
    </ClCompile>
    <ClCompile Include="JaguarEngine\OpenGL_Handling\Vertex_Buffers.cpp">
      <Filter>Source Files</Filter>
    </ClCompile>
    <ClCompile Include="JaguarEngine\OpenGL_Handling\Render_Pipeline.cpp">
      <Filter>Source Files</Filter>
    </ClCompile>
    <ClCompile Include="JaguarEngine\OpenGL_Handling\Shaders.cpp">
      <Filter>Source Files</Filter>
    </ClCompile>
    <ClCompile Include="JaguarEngine\Scene\World_Object_Declarations.cpp">
      <Filter>Source Files</Filter>
    </ClCompile>
    <ClCompile Include="JaguarEngine\OpenGL_Handling\Texture.cpp">
      <Filter>Source Files</Filter>
    </ClCompile>
    <ClCompile Include="JaguarEngine\Scene\Scene.cpp">
      <Filter>Source Files</Filter>
    </ClCompile>
    <ClCompile Include="JaguarEngine\Animation\Animation.cpp">
      <Filter>Source Files</Filter>
    </ClCompile>
    <ClCompile Include="JaguarEngine\GLTF_Reader\Sampling.cpp">
      <Filter>Source Files</Filter>
    </ClCompile>
    <ClCompile Include="JaguarEngine\Animation\Skeleton_Animator.cpp">
      <Filter>Source Files</Filter>
    </ClCompile>
    <ClCompile Include="JaguarEngine\Animation\Skeleton.cpp">
      <Filter>Source Files</Filter>
    </ClCompile>
    <ClCompile Include="JaguarEngine\Deletion_Handling.cpp">
      <Filter>Source Files</Filter>
    </ClCompile>
    <ClCompile Include="JaguarEngine\Inputs\Inputs.cpp">
      <Filter>Source Files</Filter>
    </ClCompile>
  </ItemGroup>
  <ItemGroup>
    <ClInclude Include="JaguarEngine\JaguarEngine.hpp">
      <Filter>Header Files</Filter>
    </ClInclude>
    <ClInclude Include="JaguarEngine\OpenGL_Handling\OpenGL_Declarations.hpp">
      <Filter>Header Files</Filter>
    </ClInclude>
    <ClInclude Include="JaguarEngine\Scene\World_Object_Declarations.hpp">
      <Filter>Header Files</Filter>
    </ClInclude>
    <ClInclude Include="JaguarEngine\JSON_IO\JSON_Declarations.hpp">
      <Filter>Header Files</Filter>
    </ClInclude>
    <ClInclude Include="JaguarEngine\GLTF_Reader\GLTF_Declarations.hpp">
      <Filter>Header Files</Filter>
    </ClInclude>
    <ClInclude Include="JaguarEngine\Scene\Model_Declarations.hpp">
      <Filter>Header Files</Filter>
    </ClInclude>
    <ClInclude Include="JaguarEngine\Asset_Cache.hpp">
      <Filter>Header Files</Filter>
    </ClInclude>
    <ClInclude Include="JaguarEngine\Jaguar_Config.hpp">
      <Filter>Header Files</Filter>
    </ClInclude>
    <ClInclude Include="JaguarEngine\Scene\Scene.hpp">
      <Filter>Header Files</Filter>
    </ClInclude>
    <ClInclude Include="JaguarEngine\Scene\Controller.hpp">
      <Filter>Header Files</Filter>
    </ClInclude>
    <ClInclude Include="Demo_Game\Demo.hpp">
      <Filter>Header Files</Filter>
    </ClInclude>
    <ClInclude Include="Demo_Game\Animation\Demo_Joints.hpp">
      <Filter>Header Files</Filter>
    </ClInclude>
    <ClInclude Include="JaguarEngine\Animation\Skeleton.hpp">
      <Filter>Header Files</Filter>
    </ClInclude>
    <ClInclude Include="JaguarEngine\Animation\Animation.hpp">
      <Filter>Header Files</Filter>
    </ClInclude>
    <ClInclude Include="JaguarEngine\Deletion_Handling.hpp">
      <Filter>Header Files</Filter>
    </ClInclude>
    <ClInclude Include="JaguarEngine\Inputs\Inputs.hpp">
      <Filter>Header Files</Filter>
    </ClInclude>
    <ClInclude Include="Demo_Game\Demo_Inputs.hpp">
      <Filter>Header Files</Filter>
    </ClInclude>
    <ClInclude Include="JaguarEngine\UI\UI_Handler.hpp">
      <Filter>Header Files</Filter>
    </ClInclude>
  </ItemGroup>
  <ItemGroup>
    <Text Include="JaguarEngine\README.txt" />
  </ItemGroup>
</Project>